
Microsoft Visual Studio Solution File, Format Version 12.00
# Visual Studio 14
VisualStudioVersion = 14.0.25420.1
MinimumVisualStudioVersion = 10.0.40219.1
Project("{8BC9CEB8-8B4A-11D0-8D11-00A0C91BC942}") = "HelloGitHub", "HelloGitHub\HelloGitHub.vcxproj", "{1B935C6D-0231-4082-BE65-83F957499B9B}"
EndProject
Project("{8BC9CEB8-8B4A-11D0-8D11-00A0C91BC942}") = "RandomEnemyGenerator", "RandomEnemyGenerator\RandomEnemyGenerator.vcxproj", "{BA760416-F338-47F7-BD77-1846019519A1}"
EndProject
Project("{8BC9CEB8-8B4A-11D0-8D11-00A0C91BC942}") = "TheWalkingDead", "TheWalkingDead\TheWalkingDead.vcxproj", "{0F077DCE-AAAD-4595-AD63-01F6498FB934}"
EndProject
Project("{8BC9CEB8-8B4A-11D0-8D11-00A0C91BC942}") = "DynArray", "DynArray\DynArray.vcxproj", "{D12D9FB8-5DC6-4305-995F-E9A5B2171158}"
EndProject
Project("{8BC9CEB8-8B4A-11D0-8D11-00A0C91BC942}") = "Testing", "Testing\Testing.vcxproj", "{6128C90F-D409-4F2F-AED1-25153CDD96D2}"
EndProject
Project("{8BC9CEB8-8B4A-11D0-8D11-00A0C91BC942}") = "A09-Stack", "A09-Stack\A09-Stack.vcxproj", "{15391F06-DDB4-4B75-B8C4-2DF2E9DFF3CD}"
EndProject
Global
	GlobalSection(SolutionConfigurationPlatforms) = preSolution
		Debug|Any CPU = Debug|Any CPU
		Debug|x64 = Debug|x64
		Debug|x86 = Debug|x86
		Release|Any CPU = Release|Any CPU
		Release|x64 = Release|x64
		Release|x86 = Release|x86
	EndGlobalSection
	GlobalSection(ProjectConfigurationPlatforms) = postSolution
		{1B935C6D-0231-4082-BE65-83F957499B9B}.Debug|Any CPU.ActiveCfg = Debug|Win32
		{1B935C6D-0231-4082-BE65-83F957499B9B}.Debug|x64.ActiveCfg = Debug|x64
		{1B935C6D-0231-4082-BE65-83F957499B9B}.Debug|x64.Build.0 = Debug|x64
		{1B935C6D-0231-4082-BE65-83F957499B9B}.Debug|x86.ActiveCfg = Debug|Win32
		{1B935C6D-0231-4082-BE65-83F957499B9B}.Debug|x86.Build.0 = Debug|Win32
		{1B935C6D-0231-4082-BE65-83F957499B9B}.Release|Any CPU.ActiveCfg = Release|Win32
		{1B935C6D-0231-4082-BE65-83F957499B9B}.Release|x64.ActiveCfg = Release|x64
		{1B935C6D-0231-4082-BE65-83F957499B9B}.Release|x64.Build.0 = Release|x64
		{1B935C6D-0231-4082-BE65-83F957499B9B}.Release|x86.ActiveCfg = Release|Win32
		{1B935C6D-0231-4082-BE65-83F957499B9B}.Release|x86.Build.0 = Release|Win32
		{BA760416-F338-47F7-BD77-1846019519A1}.Debug|Any CPU.ActiveCfg = Debug|Win32
		{BA760416-F338-47F7-BD77-1846019519A1}.Debug|x64.ActiveCfg = Debug|x64
		{BA760416-F338-47F7-BD77-1846019519A1}.Debug|x64.Build.0 = Debug|x64
		{BA760416-F338-47F7-BD77-1846019519A1}.Debug|x86.ActiveCfg = Debug|Win32
		{BA760416-F338-47F7-BD77-1846019519A1}.Debug|x86.Build.0 = Debug|Win32
		{BA760416-F338-47F7-BD77-1846019519A1}.Release|Any CPU.ActiveCfg = Release|Win32
		{BA760416-F338-47F7-BD77-1846019519A1}.Release|x64.ActiveCfg = Release|x64
		{BA760416-F338-47F7-BD77-1846019519A1}.Release|x64.Build.0 = Release|x64
		{BA760416-F338-47F7-BD77-1846019519A1}.Release|x86.ActiveCfg = Release|Win32
		{BA760416-F338-47F7-BD77-1846019519A1}.Release|x86.Build.0 = Release|Win32
		{0F077DCE-AAAD-4595-AD63-01F6498FB934}.Debug|Any CPU.ActiveCfg = Debug|Win32
		{0F077DCE-AAAD-4595-AD63-01F6498FB934}.Debug|x64.ActiveCfg = Debug|x64
		{0F077DCE-AAAD-4595-AD63-01F6498FB934}.Debug|x64.Build.0 = Debug|x64
		{0F077DCE-AAAD-4595-AD63-01F6498FB934}.Debug|x86.ActiveCfg = Debug|Win32
		{0F077DCE-AAAD-4595-AD63-01F6498FB934}.Debug|x86.Build.0 = Debug|Win32
		{0F077DCE-AAAD-4595-AD63-01F6498FB934}.Release|Any CPU.ActiveCfg = Release|Win32
		{0F077DCE-AAAD-4595-AD63-01F6498FB934}.Release|x64.ActiveCfg = Release|x64
		{0F077DCE-AAAD-4595-AD63-01F6498FB934}.Release|x64.Build.0 = Release|x64
		{0F077DCE-AAAD-4595-AD63-01F6498FB934}.Release|x86.ActiveCfg = Release|Win32
		{0F077DCE-AAAD-4595-AD63-01F6498FB934}.Release|x86.Build.0 = Release|Win32
		{D12D9FB8-5DC6-4305-995F-E9A5B2171158}.Debug|Any CPU.ActiveCfg = Debug|Win32
		{D12D9FB8-5DC6-4305-995F-E9A5B2171158}.Debug|x64.ActiveCfg = Debug|x64
		{D12D9FB8-5DC6-4305-995F-E9A5B2171158}.Debug|x64.Build.0 = Debug|x64
		{D12D9FB8-5DC6-4305-995F-E9A5B2171158}.Debug|x86.ActiveCfg = Debug|Win32
		{D12D9FB8-5DC6-4305-995F-E9A5B2171158}.Debug|x86.Build.0 = Debug|Win32
		{D12D9FB8-5DC6-4305-995F-E9A5B2171158}.Release|Any CPU.ActiveCfg = Release|Win32
		{D12D9FB8-5DC6-4305-995F-E9A5B2171158}.Release|x64.ActiveCfg = Release|x64
		{D12D9FB8-5DC6-4305-995F-E9A5B2171158}.Release|x64.Build.0 = Release|x64
		{D12D9FB8-5DC6-4305-995F-E9A5B2171158}.Release|x86.ActiveCfg = Release|Win32
		{D12D9FB8-5DC6-4305-995F-E9A5B2171158}.Release|x86.Build.0 = Release|Win32
		{6128C90F-D409-4F2F-AED1-25153CDD96D2}.Debug|Any CPU.ActiveCfg = Debug|Win32
		{6128C90F-D409-4F2F-AED1-25153CDD96D2}.Debug|x64.ActiveCfg = Debug|x64
		{6128C90F-D409-4F2F-AED1-25153CDD96D2}.Debug|x64.Build.0 = Debug|x64
		{6128C90F-D409-4F2F-AED1-25153CDD96D2}.Debug|x86.ActiveCfg = Debug|Win32
		{6128C90F-D409-4F2F-AED1-25153CDD96D2}.Debug|x86.Build.0 = Debug|Win32
		{6128C90F-D409-4F2F-AED1-25153CDD96D2}.Release|Any CPU.ActiveCfg = Release|Win32
		{6128C90F-D409-4F2F-AED1-25153CDD96D2}.Release|x64.ActiveCfg = Release|x64
		{6128C90F-D409-4F2F-AED1-25153CDD96D2}.Release|x64.Build.0 = Release|x64
		{6128C90F-D409-4F2F-AED1-25153CDD96D2}.Release|x86.ActiveCfg = Release|Win32
		{6128C90F-D409-4F2F-AED1-25153CDD96D2}.Release|x86.Build.0 = Release|Win32
		{15391F06-DDB4-4B75-B8C4-2DF2E9DFF3CD}.Debug|Any CPU.ActiveCfg = Debug|Win32
		{15391F06-DDB4-4B75-B8C4-2DF2E9DFF3CD}.Debug|x64.ActiveCfg = Debug|x64
		{15391F06-DDB4-4B75-B8C4-2DF2E9DFF3CD}.Debug|x64.Build.0 = Debug|x64
		{15391F06-DDB4-4B75-B8C4-2DF2E9DFF3CD}.Debug|x86.ActiveCfg = Debug|Win32
		{15391F06-DDB4-4B75-B8C4-2DF2E9DFF3CD}.Debug|x86.Build.0 = Debug|Win32
		{15391F06-DDB4-4B75-B8C4-2DF2E9DFF3CD}.Release|Any CPU.ActiveCfg = Release|Win32
		{15391F06-DDB4-4B75-B8C4-2DF2E9DFF3CD}.Release|x64.ActiveCfg = Release|x64
		{15391F06-DDB4-4B75-B8C4-2DF2E9DFF3CD}.Release|x64.Build.0 = Release|x64
		{15391F06-DDB4-4B75-B8C4-2DF2E9DFF3CD}.Release|x86.ActiveCfg = Release|Win32
		{15391F06-DDB4-4B75-B8C4-2DF2E9DFF3CD}.Release|x86.Build.0 = Release|Win32
	EndGlobalSection
	GlobalSection(SolutionProperties) = preSolution
		HideSolutionNode = FALSE
	EndGlobalSection
EndGlobal
